// !$*UTF8*$!
{
	archiveVersion = 1;
	classes = {
	};
	objectVersion = 53;
	objects = {

/* Begin PBXBuildFile section */
		010BAB872833F1160003FF36 /* AppDelegate.swift in Sources */ = {isa = PBXBuildFile; fileRef = 010BAB862833F1160003FF36 /* AppDelegate.swift */; };
		010BAB8B2833F1160003FF36 /* ViewController.swift in Sources */ = {isa = PBXBuildFile; fileRef = 010BAB8A2833F1160003FF36 /* ViewController.swift */; };
		010BAB8E2833F1160003FF36 /* Main.storyboard in Resources */ = {isa = PBXBuildFile; fileRef = 010BAB8C2833F1160003FF36 /* Main.storyboard */; };
		010BAB902833F1180003FF36 /* Assets.xcassets in Resources */ = {isa = PBXBuildFile; fileRef = 010BAB8F2833F1180003FF36 /* Assets.xcassets */; };
		010BAB932833F1180003FF36 /* LaunchScreen.storyboard in Resources */ = {isa = PBXBuildFile; fileRef = 010BAB912833F1180003FF36 /* LaunchScreen.storyboard */; };
		348E0FB3C2ECCC2B76E71D02 /* Pods_BugsnagFlutter.framework in Frameworks */ = {isa = PBXBuildFile; fileRef = FF8DC1F683D46322D385A2C3 /* Pods_BugsnagFlutter.framework */; };
/* End PBXBuildFile section */

/* Begin PBXFileReference section */
		010BAB832833F1160003FF36 /* BugsnagFlutter.app */ = {isa = PBXFileReference; explicitFileType = wrapper.application; includeInIndex = 0; path = BugsnagFlutter.app; sourceTree = BUILT_PRODUCTS_DIR; };
		010BAB862833F1160003FF36 /* AppDelegate.swift */ = {isa = PBXFileReference; lastKnownFileType = sourcecode.swift; path = AppDelegate.swift; sourceTree = "<group>"; };
		010BAB8A2833F1160003FF36 /* ViewController.swift */ = {isa = PBXFileReference; lastKnownFileType = sourcecode.swift; path = ViewController.swift; sourceTree = "<group>"; };
		010BAB8D2833F1160003FF36 /* Base */ = {isa = PBXFileReference; lastKnownFileType = file.storyboard; name = Base; path = Base.lproj/Main.storyboard; sourceTree = "<group>"; };
		010BAB8F2833F1180003FF36 /* Assets.xcassets */ = {isa = PBXFileReference; lastKnownFileType = folder.assetcatalog; path = Assets.xcassets; sourceTree = "<group>"; };
		010BAB922833F1180003FF36 /* Base */ = {isa = PBXFileReference; lastKnownFileType = file.storyboard; name = Base; path = Base.lproj/LaunchScreen.storyboard; sourceTree = "<group>"; };
		010BAB942833F1180003FF36 /* Info.plist */ = {isa = PBXFileReference; lastKnownFileType = text.plist.xml; path = Info.plist; sourceTree = "<group>"; usesTabs = 1; };
		3B0399F2915D916877E81B2C /* Pods-BugsnagFlutter.debug.xcconfig */ = {isa = PBXFileReference; includeInIndex = 1; lastKnownFileType = text.xcconfig; name = "Pods-BugsnagFlutter.debug.xcconfig"; path = "Target Support Files/Pods-BugsnagFlutter/Pods-BugsnagFlutter.debug.xcconfig"; sourceTree = "<group>"; };
		488944D7BBF1C05E30A86D11 /* Pods-BugsnagFlutter.release.xcconfig */ = {isa = PBXFileReference; includeInIndex = 1; lastKnownFileType = text.xcconfig; name = "Pods-BugsnagFlutter.release.xcconfig"; path = "Target Support Files/Pods-BugsnagFlutter/Pods-BugsnagFlutter.release.xcconfig"; sourceTree = "<group>"; };
		FF8DC1F683D46322D385A2C3 /* Pods_BugsnagFlutter.framework */ = {isa = PBXFileReference; explicitFileType = wrapper.framework; includeInIndex = 0; path = Pods_BugsnagFlutter.framework; sourceTree = BUILT_PRODUCTS_DIR; };
/* End PBXFileReference section */

/* Begin PBXFrameworksBuildPhase section */
		010BAB802833F1160003FF36 /* Frameworks */ = {
			isa = PBXFrameworksBuildPhase;
			buildActionMask = 2147483647;
			files = (
				348E0FB3C2ECCC2B76E71D02 /* Pods_BugsnagFlutter.framework in Frameworks */,
			);
			runOnlyForDeploymentPostprocessing = 0;
		};
/* End PBXFrameworksBuildPhase section */

/* Begin PBXGroup section */
		010BAB7A2833F1160003FF36 = {
			isa = PBXGroup;
			children = (
				010BAB852833F1160003FF36 /* BugsnagFlutter */,
				010BAB842833F1160003FF36 /* Products */,
				14C3452EBFA571DE8B7F666E /* Pods */,
				5754597D2C288F6FDD9B8613 /* Frameworks */,
			);
			sourceTree = "<group>";
		};
		010BAB842833F1160003FF36 /* Products */ = {
			isa = PBXGroup;
			children = (
				010BAB832833F1160003FF36 /* BugsnagFlutter.app */,
			);
			name = Products;
			sourceTree = "<group>";
		};
		010BAB852833F1160003FF36 /* BugsnagFlutter */ = {
			isa = PBXGroup;
			children = (
				010BAB862833F1160003FF36 /* AppDelegate.swift */,
				010BAB8A2833F1160003FF36 /* ViewController.swift */,
				010BAB8C2833F1160003FF36 /* Main.storyboard */,
				010BAB8F2833F1180003FF36 /* Assets.xcassets */,
				010BAB912833F1180003FF36 /* LaunchScreen.storyboard */,
				010BAB942833F1180003FF36 /* Info.plist */,
			);
			path = BugsnagFlutter;
			sourceTree = "<group>";
		};
		14C3452EBFA571DE8B7F666E /* Pods */ = {
			isa = PBXGroup;
			children = (
				3B0399F2915D916877E81B2C /* Pods-BugsnagFlutter.debug.xcconfig */,
				488944D7BBF1C05E30A86D11 /* Pods-BugsnagFlutter.release.xcconfig */,
			);
			path = Pods;
			sourceTree = "<group>";
		};
		5754597D2C288F6FDD9B8613 /* Frameworks */ = {
			isa = PBXGroup;
			children = (
				FF8DC1F683D46322D385A2C3 /* Pods_BugsnagFlutter.framework */,
			);
			name = Frameworks;
			sourceTree = "<group>";
		};
/* End PBXGroup section */

/* Begin PBXNativeTarget section */
		010BAB822833F1160003FF36 /* BugsnagFlutter */ = {
			isa = PBXNativeTarget;
			buildConfigurationList = 010BAB972833F1180003FF36 /* Build configuration list for PBXNativeTarget "BugsnagFlutter" */;
			buildPhases = (
				FB612272889FD5A6EC0D3A81 /* [CP] Check Pods Manifest.lock */,
				4B6EFDDDC5A18D2213239548 /* [CP-User] Run Flutter Build example_flutter Script */,
				010BAB7F2833F1160003FF36 /* Sources */,
				010BAB802833F1160003FF36 /* Frameworks */,
				010BAB812833F1160003FF36 /* Resources */,
				E89B3AC476390C585D0BE274 /* [CP] Embed Pods Frameworks */,
				1C77F3CA453290A61975F62B /* [CP-User] Embed Flutter Build example_flutter Script */,
			);
			buildRules = (
			);
			dependencies = (
			);
			name = BugsnagFlutter;
			productName = BugsnagFlutter;
			productReference = 010BAB832833F1160003FF36 /* BugsnagFlutter.app */;
			productType = "com.apple.product-type.application";
		};
/* End PBXNativeTarget section */

/* Begin PBXProject section */
		010BAB7B2833F1160003FF36 /* Project object */ = {
			isa = PBXProject;
			attributes = {
				BuildIndependentTargetsInParallel = 1;
				LastSwiftUpdateCheck = 1340;
				LastUpgradeCheck = 1340;
				TargetAttributes = {
					010BAB822833F1160003FF36 = {
						CreatedOnToolsVersion = 13.4;
						LastSwiftMigration = 1400;
					};
				};
			};
			buildConfigurationList = 010BAB7E2833F1160003FF36 /* Build configuration list for PBXProject "BugsnagFlutter" */;
			compatibilityVersion = "Xcode 10.0";
			developmentRegion = en;
			hasScannedForEncodings = 0;
			knownRegions = (
				en,
				Base,
			);
			mainGroup = 010BAB7A2833F1160003FF36;
			productRefGroup = 010BAB842833F1160003FF36 /* Products */;
			projectDirPath = "";
			projectRoot = "";
			targets = (
				010BAB822833F1160003FF36 /* BugsnagFlutter */,
			);
		};
/* End PBXProject section */

/* Begin PBXResourcesBuildPhase section */
		010BAB812833F1160003FF36 /* Resources */ = {
			isa = PBXResourcesBuildPhase;
			buildActionMask = 2147483647;
			files = (
				010BAB932833F1180003FF36 /* LaunchScreen.storyboard in Resources */,
				010BAB902833F1180003FF36 /* Assets.xcassets in Resources */,
				010BAB8E2833F1160003FF36 /* Main.storyboard in Resources */,
			);
			runOnlyForDeploymentPostprocessing = 0;
		};
/* End PBXResourcesBuildPhase section */

/* Begin PBXShellScriptBuildPhase section */
		1C77F3CA453290A61975F62B /* [CP-User] Embed Flutter Build example_flutter Script */ = {
			isa = PBXShellScriptBuildPhase;
			buildActionMask = 2147483647;
			files = (
			);
			name = "[CP-User] Embed Flutter Build example_flutter Script";
			runOnlyForDeploymentPostprocessing = 0;
			shellPath = /bin/sh;
			shellScript = "set -e\nset -u\nsource \"${SRCROOT}/../example_flutter/.ios/Flutter/flutter_export_environment.sh\"\nexport VERBOSE_SCRIPT_LOGGING=1 && \"$FLUTTER_ROOT\"/packages/flutter_tools/bin/xcode_backend.sh embed_and_thin";
		};
		4B6EFDDDC5A18D2213239548 /* [CP-User] Run Flutter Build example_flutter Script */ = {
			isa = PBXShellScriptBuildPhase;
			buildActionMask = 2147483647;
			files = (
			);
			name = "[CP-User] Run Flutter Build example_flutter Script";
			runOnlyForDeploymentPostprocessing = 0;
			shellPath = /bin/sh;
			shellScript = "set -e\nset -u\nsource \"${SRCROOT}/../example_flutter/.ios/Flutter/flutter_export_environment.sh\"\nexport VERBOSE_SCRIPT_LOGGING=1 && \"$FLUTTER_ROOT\"/packages/flutter_tools/bin/xcode_backend.sh build";
		};
		E89B3AC476390C585D0BE274 /* [CP] Embed Pods Frameworks */ = {
			isa = PBXShellScriptBuildPhase;
			buildActionMask = 2147483647;
			files = (
			);
			inputFileListPaths = (
				"${PODS_ROOT}/Target Support Files/Pods-BugsnagFlutter/Pods-BugsnagFlutter-frameworks-${CONFIGURATION}-input-files.xcfilelist",
			);
			name = "[CP] Embed Pods Frameworks";
			outputFileListPaths = (
				"${PODS_ROOT}/Target Support Files/Pods-BugsnagFlutter/Pods-BugsnagFlutter-frameworks-${CONFIGURATION}-output-files.xcfilelist",
			);
			runOnlyForDeploymentPostprocessing = 0;
			shellPath = /bin/sh;
			shellScript = "\"${PODS_ROOT}/Target Support Files/Pods-BugsnagFlutter/Pods-BugsnagFlutter-frameworks.sh\"\n";
			showEnvVarsInLog = 0;
		};
		FB612272889FD5A6EC0D3A81 /* [CP] Check Pods Manifest.lock */ = {
			isa = PBXShellScriptBuildPhase;
			buildActionMask = 2147483647;
			files = (
			);
			inputFileListPaths = (
			);
			inputPaths = (
				"${PODS_PODFILE_DIR_PATH}/Podfile.lock",
				"${PODS_ROOT}/Manifest.lock",
			);
			name = "[CP] Check Pods Manifest.lock";
			outputFileListPaths = (
			);
			outputPaths = (
				"$(DERIVED_FILE_DIR)/Pods-BugsnagFlutter-checkManifestLockResult.txt",
			);
			runOnlyForDeploymentPostprocessing = 0;
			shellPath = /bin/sh;
			shellScript = "diff \"${PODS_PODFILE_DIR_PATH}/Podfile.lock\" \"${PODS_ROOT}/Manifest.lock\" > /dev/null\nif [ $? != 0 ] ; then\n    # print error to STDERR\n    echo \"error: The sandbox is not in sync with the Podfile.lock. Run 'pod install' or update your CocoaPods installation.\" >&2\n    exit 1\nfi\n# This output is used by Xcode 'outputs' to avoid re-running this script phase.\necho \"SUCCESS\" > \"${SCRIPT_OUTPUT_FILE_0}\"\n";
			showEnvVarsInLog = 0;
		};
/* End PBXShellScriptBuildPhase section */

/* Begin PBXSourcesBuildPhase section */
		010BAB7F2833F1160003FF36 /* Sources */ = {
			isa = PBXSourcesBuildPhase;
			buildActionMask = 2147483647;
			files = (
				010BAB8B2833F1160003FF36 /* ViewController.swift in Sources */,
				010BAB872833F1160003FF36 /* AppDelegate.swift in Sources */,
			);
			runOnlyForDeploymentPostprocessing = 0;
		};
/* End PBXSourcesBuildPhase section */

/* Begin PBXVariantGroup section */
		010BAB8C2833F1160003FF36 /* Main.storyboard */ = {
			isa = PBXVariantGroup;
			children = (
				010BAB8D2833F1160003FF36 /* Base */,
			);
			name = Main.storyboard;
			sourceTree = "<group>";
		};
		010BAB912833F1180003FF36 /* LaunchScreen.storyboard */ = {
			isa = PBXVariantGroup;
			children = (
				010BAB922833F1180003FF36 /* Base */,
			);
			name = LaunchScreen.storyboard;
			sourceTree = "<group>";
		};
/* End PBXVariantGroup section */

/* Begin XCBuildConfiguration section */
		010BAB952833F1180003FF36 /* Debug */ = {
			isa = XCBuildConfiguration;
			buildSettings = {
				ALWAYS_SEARCH_USER_PATHS = NO;
				CLANG_ANALYZER_NONNULL = YES;
				CLANG_ANALYZER_NUMBER_OBJECT_CONVERSION = YES_AGGRESSIVE;
				CLANG_CXX_LANGUAGE_STANDARD = "gnu++17";
				CLANG_ENABLE_MODULES = YES;
				CLANG_ENABLE_OBJC_ARC = YES;
				CLANG_ENABLE_OBJC_WEAK = YES;
				CLANG_WARN_BLOCK_CAPTURE_AUTORELEASING = YES;
				CLANG_WARN_BOOL_CONVERSION = YES;
				CLANG_WARN_COMMA = YES;
				CLANG_WARN_CONSTANT_CONVERSION = YES;
				CLANG_WARN_DEPRECATED_OBJC_IMPLEMENTATIONS = YES;
				CLANG_WARN_DIRECT_OBJC_ISA_USAGE = YES_ERROR;
				CLANG_WARN_DOCUMENTATION_COMMENTS = YES;
				CLANG_WARN_EMPTY_BODY = YES;
				CLANG_WARN_ENUM_CONVERSION = YES;
				CLANG_WARN_INFINITE_RECURSION = YES;
				CLANG_WARN_INT_CONVERSION = YES;
				CLANG_WARN_NON_LITERAL_NULL_CONVERSION = YES;
				CLANG_WARN_OBJC_IMPLICIT_RETAIN_SELF = YES;
				CLANG_WARN_OBJC_LITERAL_CONVERSION = YES;
				CLANG_WARN_OBJC_ROOT_CLASS = YES_ERROR;
				CLANG_WARN_QUOTED_INCLUDE_IN_FRAMEWORK_HEADER = YES;
				CLANG_WARN_RANGE_LOOP_ANALYSIS = YES;
				CLANG_WARN_STRICT_PROTOTYPES = YES;
				CLANG_WARN_SUSPICIOUS_MOVE = YES;
				CLANG_WARN_UNGUARDED_AVAILABILITY = YES_AGGRESSIVE;
				CLANG_WARN_UNREACHABLE_CODE = YES;
				CLANG_WARN__DUPLICATE_METHOD_MATCH = YES;
				COPY_PHASE_STRIP = NO;
				DEBUG_INFORMATION_FORMAT = dwarf;
				ENABLE_STRICT_OBJC_MSGSEND = YES;
				ENABLE_TESTABILITY = YES;
				GCC_C_LANGUAGE_STANDARD = gnu11;
				GCC_DYNAMIC_NO_PIC = NO;
				GCC_NO_COMMON_BLOCKS = YES;
				GCC_OPTIMIZATION_LEVEL = 0;
				GCC_PREPROCESSOR_DEFINITIONS = (
					"DEBUG=1",
					"$(inherited)",
				);
				GCC_WARN_64_TO_32_BIT_CONVERSION = YES;
				GCC_WARN_ABOUT_RETURN_TYPE = YES_ERROR;
				GCC_WARN_UNDECLARED_SELECTOR = YES;
				GCC_WARN_UNINITIALIZED_AUTOS = YES_AGGRESSIVE;
				GCC_WARN_UNUSED_FUNCTION = YES;
				GCC_WARN_UNUSED_VARIABLE = YES;
				IPHONEOS_DEPLOYMENT_TARGET = 15.5;
				MTL_ENABLE_DEBUG_INFO = INCLUDE_SOURCE;
				MTL_FAST_MATH = YES;
				ONLY_ACTIVE_ARCH = YES;
				SDKROOT = iphoneos;
				SWIFT_ACTIVE_COMPILATION_CONDITIONS = DEBUG;
				SWIFT_OPTIMIZATION_LEVEL = "-Onone";
			};
			name = Debug;
		};
		010BAB962833F1180003FF36 /* Release */ = {
			isa = XCBuildConfiguration;
			buildSettings = {
				ALWAYS_SEARCH_USER_PATHS = NO;
				CLANG_ANALYZER_NONNULL = YES;
				CLANG_ANALYZER_NUMBER_OBJECT_CONVERSION = YES_AGGRESSIVE;
				CLANG_CXX_LANGUAGE_STANDARD = "gnu++17";
				CLANG_ENABLE_MODULES = YES;
				CLANG_ENABLE_OBJC_ARC = YES;
				CLANG_ENABLE_OBJC_WEAK = YES;
				CLANG_WARN_BLOCK_CAPTURE_AUTORELEASING = YES;
				CLANG_WARN_BOOL_CONVERSION = YES;
				CLANG_WARN_COMMA = YES;
				CLANG_WARN_CONSTANT_CONVERSION = YES;
				CLANG_WARN_DEPRECATED_OBJC_IMPLEMENTATIONS = YES;
				CLANG_WARN_DIRECT_OBJC_ISA_USAGE = YES_ERROR;
				CLANG_WARN_DOCUMENTATION_COMMENTS = YES;
				CLANG_WARN_EMPTY_BODY = YES;
				CLANG_WARN_ENUM_CONVERSION = YES;
				CLANG_WARN_INFINITE_RECURSION = YES;
				CLANG_WARN_INT_CONVERSION = YES;
				CLANG_WARN_NON_LITERAL_NULL_CONVERSION = YES;
				CLANG_WARN_OBJC_IMPLICIT_RETAIN_SELF = YES;
				CLANG_WARN_OBJC_LITERAL_CONVERSION = YES;
				CLANG_WARN_OBJC_ROOT_CLASS = YES_ERROR;
				CLANG_WARN_QUOTED_INCLUDE_IN_FRAMEWORK_HEADER = YES;
				CLANG_WARN_RANGE_LOOP_ANALYSIS = YES;
				CLANG_WARN_STRICT_PROTOTYPES = YES;
				CLANG_WARN_SUSPICIOUS_MOVE = YES;
				CLANG_WARN_UNGUARDED_AVAILABILITY = YES_AGGRESSIVE;
				CLANG_WARN_UNREACHABLE_CODE = YES;
				CLANG_WARN__DUPLICATE_METHOD_MATCH = YES;
				COPY_PHASE_STRIP = NO;
				DEBUG_INFORMATION_FORMAT = "dwarf-with-dsym";
				ENABLE_NS_ASSERTIONS = NO;
				ENABLE_STRICT_OBJC_MSGSEND = YES;
				GCC_C_LANGUAGE_STANDARD = gnu11;
				GCC_NO_COMMON_BLOCKS = YES;
				GCC_WARN_64_TO_32_BIT_CONVERSION = YES;
				GCC_WARN_ABOUT_RETURN_TYPE = YES_ERROR;
				GCC_WARN_UNDECLARED_SELECTOR = YES;
				GCC_WARN_UNINITIALIZED_AUTOS = YES_AGGRESSIVE;
				GCC_WARN_UNUSED_FUNCTION = YES;
				GCC_WARN_UNUSED_VARIABLE = YES;
				IPHONEOS_DEPLOYMENT_TARGET = 15.5;
				MTL_ENABLE_DEBUG_INFO = NO;
				MTL_FAST_MATH = YES;
				SDKROOT = iphoneos;
				SWIFT_COMPILATION_MODE = wholemodule;
				SWIFT_OPTIMIZATION_LEVEL = "-O";
				VALIDATE_PRODUCT = YES;
			};
			name = Release;
		};
		010BAB982833F1180003FF36 /* Debug */ = {
			isa = XCBuildConfiguration;
			baseConfigurationReference = 3B0399F2915D916877E81B2C /* Pods-BugsnagFlutter.debug.xcconfig */;
			buildSettings = {
				ASSETCATALOG_COMPILER_APPICON_NAME = AppIcon;
				ASSETCATALOG_COMPILER_GLOBAL_ACCENT_COLOR_NAME = AccentColor;
				CLANG_ENABLE_MODULES = YES;
				CODE_SIGN_STYLE = Automatic;
				CURRENT_PROJECT_VERSION = 1;
				DEVELOPMENT_TEAM = 372ZUL2ZB7;
				INFOPLIST_FILE = BugsnagFlutter/Info.plist;
				LD_RUNPATH_SEARCH_PATHS = (
					"$(inherited)",
					"@executable_path/Frameworks",
				);
				MARKETING_VERSION = 1.0;
				PRODUCT_BUNDLE_IDENTIFIER = com.bugsnag.BugsnagFlutter;
				PRODUCT_NAME = "$(TARGET_NAME)";
				SWIFT_EMIT_LOC_STRINGS = YES;
				SWIFT_OPTIMIZATION_LEVEL = "-Onone";
				SWIFT_VERSION = 5.0;
				TARGETED_DEVICE_FAMILY = "1,2";
			};
			name = Debug;
		};
		010BAB992833F1180003FF36 /* Release */ = {
			isa = XCBuildConfiguration;
			baseConfigurationReference = 488944D7BBF1C05E30A86D11 /* Pods-BugsnagFlutter.release.xcconfig */;
			buildSettings = {
				ASSETCATALOG_COMPILER_APPICON_NAME = AppIcon;
				ASSETCATALOG_COMPILER_GLOBAL_ACCENT_COLOR_NAME = AccentColor;
				CLANG_ENABLE_MODULES = YES;
				CODE_SIGN_STYLE = Automatic;
				CURRENT_PROJECT_VERSION = 1;
				DEVELOPMENT_TEAM = 372ZUL2ZB7;
				INFOPLIST_FILE = BugsnagFlutter/Info.plist;
				LD_RUNPATH_SEARCH_PATHS = (
					"$(inherited)",
					"@executable_path/Frameworks",
				);
				MARKETING_VERSION = 1.0;
				PRODUCT_BUNDLE_IDENTIFIER = com.bugsnag.BugsnagFlutter;
				PRODUCT_NAME = "$(TARGET_NAME)";
				SWIFT_EMIT_LOC_STRINGS = YES;
				SWIFT_VERSION = 5.0;
				TARGETED_DEVICE_FAMILY = "1,2";
			};
			name = Release;
		};
/* End XCBuildConfiguration section */

/* Begin XCConfigurationList section */
		010BAB7E2833F1160003FF36 /* Build configuration list for PBXProject "BugsnagFlutter" */ = {
			isa = XCConfigurationList;
			buildConfigurations = (
				010BAB952833F1180003FF36 /* Debug */,
				010BAB962833F1180003FF36 /* Release */,
			);
			defaultConfigurationIsVisible = 0;
			defaultConfigurationName = Release;
		};
		010BAB972833F1180003FF36 /* Build configuration list for PBXNativeTarget "BugsnagFlutter" */ = {
			isa = XCConfigurationList;
			buildConfigurations = (
				010BAB982833F1180003FF36 /* Debug */,
				010BAB992833F1180003FF36 /* Release */,
			);
			defaultConfigurationIsVisible = 0;
			defaultConfigurationName = Release;
		};
/* End XCConfigurationList section */
	};
	rootObject = 010BAB7B2833F1160003FF36 /* Project object */;
}
